{
  "name": "backend",
  "lockfileVersion": 3,
  "requires": true,
  "packages": {
    "": {
      "dependencies": {
        "dotenv": "^17.4.2",
        "oracledb": "^7.0.1"
      }
    },
    "node_modules/dotenv": {
      "version": "17.4.2",
      "resolved": "https://registry.npmjs.org/dotenv/-/dotenv-17.4.2.tgz",
      "integrity": "sha512-nI4U3TottKAcAD9LLud4Cb7b2QztQMUEfHbvhTH09bqXTxnSie8WnjPALV/WMCrJZ6UV/qHJ6L03OqO3LcdYZw==",
      "license": "BSD-2-Clause",
      "engines": {
        "node": ">=12"
      },
      "funding": {
        "url": "https://dotenvx.com"
      }
    },
    "node_modules/oracledb": {
      "version": "7.0.1",
      "resolved": "https://registry.npmjs.org/oracledb/-/oracledb-7.0.1.tgz",
      "integrity": "sha512-xlM0Ceh6A5stQLAdEfKf3pgCSkbOjQLo2ZPEi3+kXklz+KbZD3fLi/nsTSbQeZZNFBSFDNxdn1Ek3+bxG40M8w==",
      "hasInstallScript": true,
      "license": "(Apache-2.0 OR UPL-1.0)",
      "engines": {
        "node": ">=14.17"
      }
    }
  }
}
